
Microsoft Visual Studio Solution File, Format Version 12.00
# Visual Studio 15
VisualStudioVersion = 15.0.28010.2046
MinimumVisualStudioVersion = 10.0.40219.1
Project("{FAE04EC0-301F-11D3-BF4B-00C04F79EFBC}") = "Xamarin.Android", "Xamarin\Xamarin.Android\Xamarin.Android.csproj", "{0CA02755-1A85-45D6-BA82-64CD4AFC4D3F}"
EndProject
Project("{FAE04EC0-301F-11D3-BF4B-00C04F79EFBC}") = "Xamarin.iOS", "Xamarin\Xamarin.iOS\Xamarin.iOS.csproj", "{52341BCA-9228-462A-A0E0-2111A103AFA7}"
EndProject
Project("{FAE04EC0-301F-11D3-BF4B-00C04F79EFBC}") = "Xamarin.UWP", "Xamarin\Xamarin.UWP\Xamarin.UWP.csproj", "{91F3DD20-4924-40D6-AD77-BF4BADD67613}"
EndProject
Project("{FAE04EC0-301F-11D3-BF4B-00C04F79EFBC}") = "Xamarin", "Xamarin\Xamarin\Xamarin.csproj", "{E76CA61B-8F1A-40E3-9E45-A05E1631FA96}"
EndProject
Global
	GlobalSection(SolutionConfigurationPlatforms) = preSolution
		Ad-Hoc|Any CPU = Ad-Hoc|Any CPU
		Ad-Hoc|ARM = Ad-Hoc|ARM
		Ad-Hoc|iPhone = Ad-Hoc|iPhone
		Ad-Hoc|iPhoneSimulator = Ad-Hoc|iPhoneSimulator
		Ad-Hoc|x64 = Ad-Hoc|x64
		Ad-Hoc|x86 = Ad-Hoc|x86
		AppStore|Any CPU = AppStore|Any CPU
		AppStore|ARM = AppStore|ARM
		AppStore|iPhone = AppStore|iPhone
		AppStore|iPhoneSimulator = AppStore|iPhoneSimulator
		AppStore|x64 = AppStore|x64
		AppStore|x86 = AppStore|x86
		Debug|Any CPU = Debug|Any CPU
		Debug|ARM = Debug|ARM
		Debug|iPhone = Debug|iPhone
		Debug|iPhoneSimulator = Debug|iPhoneSimulator
		Debug|x64 = Debug|x64
		Debug|x86 = Debug|x86
		Release|Any CPU = Release|Any CPU
		Release|ARM = Release|ARM
		Release|iPhone = Release|iPhone
		Release|iPhoneSimulator = Release|iPhoneSimulator
		Release|x64 = Release|x64
		Release|x86 = Release|x86
	EndGlobalSection
	GlobalSection(ProjectConfigurationPlatforms) = postSolution
		{0CA02755-1A85-45D6-BA82-64CD4AFC4D3F}.Ad-Hoc|Any CPU.ActiveCfg = Release|Any CPU
		{0CA02755-1A85-45D6-BA82-64CD4AFC4D3F}.Ad-Hoc|Any CPU.Build.0 = Release|Any CPU
		{0CA02755-1A85-45D6-BA82-64CD4AFC4D3F}.Ad-Hoc|Any CPU.Deploy.0 = Release|Any CPU
		{0CA02755-1A85-45D6-BA82-64CD4AFC4D3F}.Ad-Hoc|ARM.ActiveCfg = Release|Any CPU
		{0CA02755-1A85-45D6-BA82-64CD4AFC4D3F}.Ad-Hoc|ARM.Build.0 = Release|Any CPU
		{0CA02755-1A85-45D6-BA82-64CD4AFC4D3F}.Ad-Hoc|ARM.Deploy.0 = Release|Any CPU
		{0CA02755-1A85-45D6-BA82-64CD4AFC4D3F}.Ad-Hoc|iPhone.ActiveCfg = Release|Any CPU
		{0CA02755-1A85-45D6-BA82-64CD4AFC4D3F}.Ad-Hoc|iPhone.Build.0 = Release|Any CPU
		{0CA02755-1A85-45D6-BA82-64CD4AFC4D3F}.Ad-Hoc|iPhone.Deploy.0 = Release|Any CPU
		{0CA02755-1A85-45D6-BA82-64CD4AFC4D3F}.Ad-Hoc|iPhoneSimulator.ActiveCfg = Release|Any CPU
		{0CA02755-1A85-45D6-BA82-64CD4AFC4D3F}.Ad-Hoc|iPhoneSimulator.Build.0 = Release|Any CPU
		{0CA02755-1A85-45D6-BA82-64CD4AFC4D3F}.Ad-Hoc|iPhoneSimulator.Deploy.0 = Release|Any CPU
		{0CA02755-1A85-45D6-BA82-64CD4AFC4D3F}.Ad-Hoc|x64.ActiveCfg = Release|Any CPU
		{0CA02755-1A85-45D6-BA82-64CD4AFC4D3F}.Ad-Hoc|x64.Build.0 = Release|Any CPU
		{0CA02755-1A85-45D6-BA82-64CD4AFC4D3F}.Ad-Hoc|x64.Deploy.0 = Release|Any CPU
		{0CA02755-1A85-45D6-BA82-64CD4AFC4D3F}.Ad-Hoc|x86.ActiveCfg = Release|Any CPU
		{0CA02755-1A85-45D6-BA82-64CD4AFC4D3F}.Ad-Hoc|x86.Build.0 = Release|Any CPU
		{0CA02755-1A85-45D6-BA82-64CD4AFC4D3F}.Ad-Hoc|x86.Deploy.0 = Release|Any CPU
		{0CA02755-1A85-45D6-BA82-64CD4AFC4D3F}.AppStore|Any CPU.ActiveCfg = Release|Any CPU
		{0CA02755-1A85-45D6-BA82-64CD4AFC4D3F}.AppStore|Any CPU.Build.0 = Release|Any CPU
		{0CA02755-1A85-45D6-BA82-64CD4AFC4D3F}.AppStore|Any CPU.Deploy.0 = Release|Any CPU
		{0CA02755-1A85-45D6-BA82-64CD4AFC4D3F}.AppStore|ARM.ActiveCfg = Release|Any CPU
		{0CA02755-1A85-45D6-BA82-64CD4AFC4D3F}.AppStore|ARM.Build.0 = Release|Any CPU
		{0CA02755-1A85-45D6-BA82-64CD4AFC4D3F}.AppStore|ARM.Deploy.0 = Release|Any CPU
		{0CA02755-1A85-45D6-BA82-64CD4AFC4D3F}.AppStore|iPhone.ActiveCfg = Release|Any CPU
		{0CA02755-1A85-45D6-BA82-64CD4AFC4D3F}.AppStore|iPhone.Build.0 = Release|Any CPU
		{0CA02755-1A85-45D6-BA82-64CD4AFC4D3F}.AppStore|iPhone.Deploy.0 = Release|Any CPU
		{0CA02755-1A85-45D6-BA82-64CD4AFC4D3F}.AppStore|iPhoneSimulator.ActiveCfg = Release|Any CPU
		{0CA02755-1A85-45D6-BA82-64CD4AFC4D3F}.AppStore|iPhoneSimulator.Build.0 = Release|Any CPU
		{0CA02755-1A85-45D6-BA82-64CD4AFC4D3F}.AppStore|iPhoneSimulator.Deploy.0 = Release|Any CPU
		{0CA02755-1A85-45D6-BA82-64CD4AFC4D3F}.AppStore|x64.ActiveCfg = Release|Any CPU
		{0CA02755-1A85-45D6-BA82-64CD4AFC4D3F}.AppStore|x64.Build.0 = Release|Any CPU
		{0CA02755-1A85-45D6-BA82-64CD4AFC4D3F}.AppStore|x64.Deploy.0 = Release|Any CPU
		{0CA02755-1A85-45D6-BA82-64CD4AFC4D3F}.AppStore|x86.ActiveCfg = Release|Any CPU
		{0CA02755-1A85-45D6-BA82-64CD4AFC4D3F}.AppStore|x86.Build.0 = Release|Any CPU
		{0CA02755-1A85-45D6-BA82-64CD4AFC4D3F}.AppStore|x86.Deploy.0 = Release|Any CPU
		{0CA02755-1A85-45D6-BA82-64CD4AFC4D3F}.Debug|Any CPU.ActiveCfg = Debug|Any CPU
		{0CA02755-1A85-45D6-BA82-64CD4AFC4D3F}.Debug|Any CPU.Build.0 = Debug|Any CPU
		{0CA02755-1A85-45D6-BA82-64CD4AFC4D3F}.Debug|Any CPU.Deploy.0 = Debug|Any CPU
		{0CA02755-1A85-45D6-BA82-64CD4AFC4D3F}.Debug|ARM.ActiveCfg = Debug|Any CPU
		{0CA02755-1A85-45D6-BA82-64CD4AFC4D3F}.Debug|ARM.Build.0 = Debug|Any CPU
		{0CA02755-1A85-45D6-BA82-64CD4AFC4D3F}.Debug|ARM.Deploy.0 = Debug|Any CPU
		{0CA02755-1A85-45D6-BA82-64CD4AFC4D3F}.Debug|iPhone.ActiveCfg = Debug|Any CPU
		{0CA02755-1A85-45D6-BA82-64CD4AFC4D3F}.Debug|iPhone.Build.0 = Debug|Any CPU
		{0CA02755-1A85-45D6-BA82-64CD4AFC4D3F}.Debug|iPhone.Deploy.0 = Debug|Any CPU
		{0CA02755-1A85-45D6-BA82-64CD4AFC4D3F}.Debug|iPhoneSimulator.ActiveCfg = Debug|Any CPU
		{0CA02755-1A85-45D6-BA82-64CD4AFC4D3F}.Debug|iPhoneSimulator.Build.0 = Debug|Any CPU
		{0CA02755-1A85-45D6-BA82-64CD4AFC4D3F}.Debug|iPhoneSimulator.Deploy.0 = Debug|Any CPU
		{0CA02755-1A85-45D6-BA82-64CD4AFC4D3F}.Debug|x64.ActiveCfg = Debug|Any CPU
		{0CA02755-1A85-45D6-BA82-64CD4AFC4D3F}.Debug|x64.Build.0 = Debug|Any CPU
		{0CA02755-1A85-45D6-BA82-64CD4AFC4D3F}.Debug|x64.Deploy.0 = Debug|Any CPU
		{0CA02755-1A85-45D6-BA82-64CD4AFC4D3F}.Debug|x86.ActiveCfg = Debug|Any CPU
		{0CA02755-1A85-45D6-BA82-64CD4AFC4D3F}.Debug|x86.Build.0 = Debug|Any CPU
		{0CA02755-1A85-45D6-BA82-64CD4AFC4D3F}.Debug|x86.Deploy.0 = Debug|Any CPU
		{0CA02755-1A85-45D6-BA82-64CD4AFC4D3F}.Release|Any CPU.ActiveCfg = Release|Any CPU
		{0CA02755-1A85-45D6-BA82-64CD4AFC4D3F}.Release|Any CPU.Build.0 = Release|Any CPU
		{0CA02755-1A85-45D6-BA82-64CD4AFC4D3F}.Release|Any CPU.Deploy.0 = Release|Any CPU
		{0CA02755-1A85-45D6-BA82-64CD4AFC4D3F}.Release|ARM.ActiveCfg = Release|Any CPU
		{0CA02755-1A85-45D6-BA82-64CD4AFC4D3F}.Release|ARM.Build.0 = Release|Any CPU
		{0CA02755-1A85-45D6-BA82-64CD4AFC4D3F}.Release|ARM.Deploy.0 = Release|Any CPU
		{0CA02755-1A85-45D6-BA82-64CD4AFC4D3F}.Release|iPhone.ActiveCfg = Release|Any CPU
		{0CA02755-1A85-45D6-BA82-64CD4AFC4D3F}.Release|iPhone.Build.0 = Release|Any CPU
		{0CA02755-1A85-45D6-BA82-64CD4AFC4D3F}.Release|iPhone.Deploy.0 = Release|Any CPU
		{0CA02755-1A85-45D6-BA82-64CD4AFC4D3F}.Release|iPhoneSimulator.ActiveCfg = Release|Any CPU
		{0CA02755-1A85-45D6-BA82-64CD4AFC4D3F}.Release|iPhoneSimulator.Build.0 = Release|Any CPU
		{0CA02755-1A85-45D6-BA82-64CD4AFC4D3F}.Release|iPhoneSimulator.Deploy.0 = Release|Any CPU
		{0CA02755-1A85-45D6-BA82-64CD4AFC4D3F}.Release|x64.ActiveCfg = Release|Any CPU
		{0CA02755-1A85-45D6-BA82-64CD4AFC4D3F}.Release|x64.Build.0 = Release|Any CPU
		{0CA02755-1A85-45D6-BA82-64CD4AFC4D3F}.Release|x64.Deploy.0 = Release|Any CPU
		{0CA02755-1A85-45D6-BA82-64CD4AFC4D3F}.Release|x86.ActiveCfg = Release|Any CPU
		{0CA02755-1A85-45D6-BA82-64CD4AFC4D3F}.Release|x86.Build.0 = Release|Any CPU
		{0CA02755-1A85-45D6-BA82-64CD4AFC4D3F}.Release|x86.Deploy.0 = Release|Any CPU
		{52341BCA-9228-462A-A0E0-2111A103AFA7}.Ad-Hoc|Any CPU.ActiveCfg = Ad-Hoc|iPhone
		{52341BCA-9228-462A-A0E0-2111A103AFA7}.Ad-Hoc|Any CPU.Build.0 = Ad-Hoc|iPhone
		{52341BCA-9228-462A-A0E0-2111A103AFA7}.Ad-Hoc|Any CPU.Deploy.0 = Ad-Hoc|iPhone
		{52341BCA-9228-462A-A0E0-2111A103AFA7}.Ad-Hoc|ARM.ActiveCfg = Ad-Hoc|iPhone
		{52341BCA-9228-462A-A0E0-2111A103AFA7}.Ad-Hoc|ARM.Build.0 = Ad-Hoc|iPhone
		{52341BCA-9228-462A-A0E0-2111A103AFA7}.Ad-Hoc|ARM.Deploy.0 = Ad-Hoc|iPhone
		{52341BCA-9228-462A-A0E0-2111A103AFA7}.Ad-Hoc|iPhone.ActiveCfg = Ad-Hoc|iPhone
		{52341BCA-9228-462A-A0E0-2111A103AFA7}.Ad-Hoc|iPhone.Build.0 = Ad-Hoc|iPhone
		{52341BCA-9228-462A-A0E0-2111A103AFA7}.Ad-Hoc|iPhone.Deploy.0 = Ad-Hoc|iPhone
		{52341BCA-9228-462A-A0E0-2111A103AFA7}.Ad-Hoc|iPhoneSimulator.ActiveCfg = Ad-Hoc|iPhoneSimulator
		{52341BCA-9228-462A-A0E0-2111A103AFA7}.Ad-Hoc|iPhoneSimulator.Build.0 = Ad-Hoc|iPhoneSimulator
		{52341BCA-9228-462A-A0E0-2111A103AFA7}.Ad-Hoc|iPhoneSimulator.Deploy.0 = Ad-Hoc|iPhoneSimulator
		{52341BCA-9228-462A-A0E0-2111A103AFA7}.Ad-Hoc|x64.ActiveCfg = Ad-Hoc|iPhone
		{52341BCA-9228-462A-A0E0-2111A103AFA7}.Ad-Hoc|x64.Build.0 = Ad-Hoc|iPhone
		{52341BCA-9228-462A-A0E0-2111A103AFA7}.Ad-Hoc|x64.Deploy.0 = Ad-Hoc|iPhone
		{52341BCA-9228-462A-A0E0-2111A103AFA7}.Ad-Hoc|x86.ActiveCfg = Ad-Hoc|iPhone
		{52341BCA-9228-462A-A0E0-2111A103AFA7}.Ad-Hoc|x86.Build.0 = Ad-Hoc|iPhone
		{52341BCA-9228-462A-A0E0-2111A103AFA7}.Ad-Hoc|x86.Deploy.0 = Ad-Hoc|iPhone
		{52341BCA-9228-462A-A0E0-2111A103AFA7}.AppStore|Any CPU.ActiveCfg = AppStore|iPhone
		{52341BCA-9228-462A-A0E0-2111A103AFA7}.AppStore|Any CPU.Build.0 = AppStore|iPhone
		{52341BCA-9228-462A-A0E0-2111A103AFA7}.AppStore|Any CPU.Deploy.0 = AppStore|iPhone
		{52341BCA-9228-462A-A0E0-2111A103AFA7}.AppStore|ARM.ActiveCfg = AppStore|iPhone
		{52341BCA-9228-462A-A0E0-2111A103AFA7}.AppStore|ARM.Build.0 = AppStore|iPhone
		{52341BCA-9228-462A-A0E0-2111A103AFA7}.AppStore|ARM.Deploy.0 = AppStore|iPhone
		{52341BCA-9228-462A-A0E0-2111A103AFA7}.AppStore|iPhone.ActiveCfg = AppStore|iPhone
		{52341BCA-9228-462A-A0E0-2111A103AFA7}.AppStore|iPhone.Build.0 = AppStore|iPhone
		{52341BCA-9228-462A-A0E0-2111A103AFA7}.AppStore|iPhone.Deploy.0 = AppStore|iPhone
		{52341BCA-9228-462A-A0E0-2111A103AFA7}.AppStore|iPhoneSimulator.ActiveCfg = AppStore|iPhoneSimulator
		{52341BCA-9228-462A-A0E0-2111A103AFA7}.AppStore|iPhoneSimulator.Build.0 = AppStore|iPhoneSimulator
		{52341BCA-9228-462A-A0E0-2111A103AFA7}.AppStore|iPhoneSimulator.Deploy.0 = AppStore|iPhoneSimulator
		{52341BCA-9228-462A-A0E0-2111A103AFA7}.AppStore|x64.ActiveCfg = AppStore|iPhone
		{52341BCA-9228-462A-A0E0-2111A103AFA7}.AppStore|x64.Build.0 = AppStore|iPhone
		{52341BCA-9228-462A-A0E0-2111A103AFA7}.AppStore|x64.Deploy.0 = AppStore|iPhone
		{52341BCA-9228-462A-A0E0-2111A103AFA7}.AppStore|x86.ActiveCfg = AppStore|iPhone
		{52341BCA-9228-462A-A0E0-2111A103AFA7}.AppStore|x86.Build.0 = AppStore|iPhone
		{52341BCA-9228-462A-A0E0-2111A103AFA7}.AppStore|x86.Deploy.0 = AppStore|iPhone
		{52341BCA-9228-462A-A0E0-2111A103AFA7}.Debug|Any CPU.ActiveCfg = Debug|iPhoneSimulator
		{52341BCA-9228-462A-A0E0-2111A103AFA7}.Debug|Any CPU.Build.0 = Debug|iPhoneSimulator
		{52341BCA-9228-462A-A0E0-2111A103AFA7}.Debug|Any CPU.Deploy.0 = Debug|iPhoneSimulator
		{52341BCA-9228-462A-A0E0-2111A103AFA7}.Debug|ARM.ActiveCfg = Debug|iPhone
		{52341BCA-9228-462A-A0E0-2111A103AFA7}.Debug|ARM.Build.0 = Debug|iPhone
		{52341BCA-9228-462A-A0E0-2111A103AFA7}.Debug|ARM.Deploy.0 = Debug|iPhone
		{52341BCA-9228-462A-A0E0-2111A103AFA7}.Debug|iPhone.ActiveCfg = Debug|iPhone
		{52341BCA-9228-462A-A0E0-2111A103AFA7}.Debug|iPhone.Build.0 = Debug|iPhone
		{52341BCA-9228-462A-A0E0-2111A103AFA7}.Debug|iPhone.Deploy.0 = Debug|iPhone
		{52341BCA-9228-462A-A0E0-2111A103AFA7}.Debug|iPhoneSimulator.ActiveCfg = Debug|iPhoneSimulator
		{52341BCA-9228-462A-A0E0-2111A103AFA7}.Debug|iPhoneSimulator.Build.0 = Debug|iPhoneSimulator
		{52341BCA-9228-462A-A0E0-2111A103AFA7}.Debug|iPhoneSimulator.Deploy.0 = Debug|iPhoneSimulator
		{52341BCA-9228-462A-A0E0-2111A103AFA7}.Debug|x64.ActiveCfg = Debug|iPhone
		{52341BCA-9228-462A-A0E0-2111A103AFA7}.Debug|x64.Build.0 = Debug|iPhone
		{52341BCA-9228-462A-A0E0-2111A103AFA7}.Debug|x64.Deploy.0 = Debug|iPhone
		{52341BCA-9228-462A-A0E0-2111A103AFA7}.Debug|x86.ActiveCfg = Debug|iPhone
		{52341BCA-9228-462A-A0E0-2111A103AFA7}.Debug|x86.Build.0 = Debug|iPhone
		{52341BCA-9228-462A-A0E0-2111A103AFA7}.Debug|x86.Deploy.0 = Debug|iPhone
		{52341BCA-9228-462A-A0E0-2111A103AFA7}.Release|Any CPU.ActiveCfg = Release|iPhone
		{52341BCA-9228-462A-A0E0-2111A103AFA7}.Release|Any CPU.Build.0 = Release|iPhone
		{52341BCA-9228-462A-A0E0-2111A103AFA7}.Release|Any CPU.Deploy.0 = Release|iPhone
		{52341BCA-9228-462A-A0E0-2111A103AFA7}.Release|ARM.ActiveCfg = Release|iPhone
		{52341BCA-9228-462A-A0E0-2111A103AFA7}.Release|ARM.Build.0 = Release|iPhone
		{52341BCA-9228-462A-A0E0-2111A103AFA7}.Release|ARM.Deploy.0 = Release|iPhone
		{52341BCA-9228-462A-A0E0-2111A103AFA7}.Release|iPhone.ActiveCfg = Release|iPhone
		{52341BCA-9228-462A-A0E0-2111A103AFA7}.Release|iPhone.Build.0 = Release|iPhone
		{52341BCA-9228-462A-A0E0-2111A103AFA7}.Release|iPhone.Deploy.0 = Release|iPhone
		{52341BCA-9228-462A-A0E0-2111A103AFA7}.Release|iPhoneSimulator.ActiveCfg = Release|iPhoneSimulator
		{52341BCA-9228-462A-A0E0-2111A103AFA7}.Release|iPhoneSimulator.Build.0 = Release|iPhoneSimulator
		{52341BCA-9228-462A-A0E0-2111A103AFA7}.Release|iPhoneSimulator.Deploy.0 = Release|iPhoneSimulator
		{52341BCA-9228-462A-A0E0-2111A103AFA7}.Release|x64.ActiveCfg = Release|iPhone
		{52341BCA-9228-462A-A0E0-2111A103AFA7}.Release|x64.Build.0 = Release|iPhone
		{52341BCA-9228-462A-A0E0-2111A103AFA7}.Release|x64.Deploy.0 = Release|iPhone
		{52341BCA-9228-462A-A0E0-2111A103AFA7}.Release|x86.ActiveCfg = Release|iPhone
		{52341BCA-9228-462A-A0E0-2111A103AFA7}.Release|x86.Build.0 = Release|iPhone
		{52341BCA-9228-462A-A0E0-2111A103AFA7}.Release|x86.Deploy.0 = Release|iPhone
		{91F3DD20-4924-40D6-AD77-BF4BADD67613}.Ad-Hoc|Any CPU.ActiveCfg = Release|x86
		{91F3DD20-4924-40D6-AD77-BF4BADD67613}.Ad-Hoc|Any CPU.Build.0 = Release|x86
		{91F3DD20-4924-40D6-AD77-BF4BADD67613}.Ad-Hoc|Any CPU.Deploy.0 = Release|x86
		{91F3DD20-4924-40D6-AD77-BF4BADD67613}.Ad-Hoc|ARM.ActiveCfg = Release|ARM
		{91F3DD20-4924-40D6-AD77-BF4BADD67613}.Ad-Hoc|ARM.Build.0 = Release|ARM
		{91F3DD20-4924-40D6-AD77-BF4BADD67613}.Ad-Hoc|ARM.Deploy.0 = Release|ARM
		{91F3DD20-4924-40D6-AD77-BF4BADD67613}.Ad-Hoc|iPhone.ActiveCfg = Release|x86
		{91F3DD20-4924-40D6-AD77-BF4BADD67613}.Ad-Hoc|iPhone.Build.0 = Release|x86
		{91F3DD20-4924-40D6-AD77-BF4BADD67613}.Ad-Hoc|iPhone.Deploy.0 = Release|x86
		{91F3DD20-4924-40D6-AD77-BF4BADD67613}.Ad-Hoc|iPhoneSimulator.ActiveCfg = Release|x86
		{91F3DD20-4924-40D6-AD77-BF4BADD67613}.Ad-Hoc|iPhoneSimulator.Build.0 = Release|x86
		{91F3DD20-4924-40D6-AD77-BF4BADD67613}.Ad-Hoc|iPhoneSimulator.Deploy.0 = Release|x86
		{91F3DD20-4924-40D6-AD77-BF4BADD67613}.Ad-Hoc|x64.ActiveCfg = Release|x64
		{91F3DD20-4924-40D6-AD77-BF4BADD67613}.Ad-Hoc|x64.Build.0 = Release|x64
		{91F3DD20-4924-40D6-AD77-BF4BADD67613}.Ad-Hoc|x64.Deploy.0 = Release|x64
		{91F3DD20-4924-40D6-AD77-BF4BADD67613}.Ad-Hoc|x86.ActiveCfg = Release|x86
		{91F3DD20-4924-40D6-AD77-BF4BADD67613}.Ad-Hoc|x86.Build.0 = Release|x86
		{91F3DD20-4924-40D6-AD77-BF4BADD67613}.Ad-Hoc|x86.Deploy.0 = Release|x86
		{91F3DD20-4924-40D6-AD77-BF4BADD67613}.AppStore|Any CPU.ActiveCfg = Release|x86
		{91F3DD20-4924-40D6-AD77-BF4BADD67613}.AppStore|Any CPU.Build.0 = Release|x86
		{91F3DD20-4924-40D6-AD77-BF4BADD67613}.AppStore|Any CPU.Deploy.0 = Release|x86
		{91F3DD20-4924-40D6-AD77-BF4BADD67613}.AppStore|ARM.ActiveCfg = Release|ARM
		{91F3DD20-4924-40D6-AD77-BF4BADD67613}.AppStore|ARM.Build.0 = Release|ARM
		{91F3DD20-4924-40D6-AD77-BF4BADD67613}.AppStore|ARM.Deploy.0 = Release|ARM
		{91F3DD20-4924-40D6-AD77-BF4BADD67613}.AppStore|iPhone.ActiveCfg = Release|x86
		{91F3DD20-4924-40D6-AD77-BF4BADD67613}.AppStore|iPhone.Build.0 = Release|x86
		{91F3DD20-4924-40D6-AD77-BF4BADD67613}.AppStore|iPhone.Deploy.0 = Release|x86
		{91F3DD20-4924-40D6-AD77-BF4BADD67613}.AppStore|iPhoneSimulator.ActiveCfg = Release|x86
		{91F3DD20-4924-40D6-AD77-BF4BADD67613}.AppStore|iPhoneSimulator.Build.0 = Release|x86
		{91F3DD20-4924-40D6-AD77-BF4BADD67613}.AppStore|iPhoneSimulator.Deploy.0 = Release|x86
		{91F3DD20-4924-40D6-AD77-BF4BADD67613}.AppStore|x64.ActiveCfg = Release|x64
		{91F3DD20-4924-40D6-AD77-BF4BADD67613}.AppStore|x64.Build.0 = Release|x64
		{91F3DD20-4924-40D6-AD77-BF4BADD67613}.AppStore|x64.Deploy.0 = Release|x64
		{91F3DD20-4924-40D6-AD77-BF4BADD67613}.AppStore|x86.ActiveCfg = Release|x86
		{91F3DD20-4924-40D6-AD77-BF4BADD67613}.AppStore|x86.Build.0 = Release|x86
		{91F3DD20-4924-40D6-AD77-BF4BADD67613}.AppStore|x86.Deploy.0 = Release|x86
		{91F3DD20-4924-40D6-AD77-BF4BADD67613}.Debug|Any CPU.ActiveCfg = Debug|x86
		{91F3DD20-4924-40D6-AD77-BF4BADD67613}.Debug|Any CPU.Build.0 = Debug|x86
		{91F3DD20-4924-40D6-AD77-BF4BADD67613}.Debug|Any CPU.Deploy.0 = Debug|x86
		{91F3DD20-4924-40D6-AD77-BF4BADD67613}.Debug|ARM.ActiveCfg = Debug|ARM
		{91F3DD20-4924-40D6-AD77-BF4BADD67613}.Debug|ARM.Build.0 = Debug|ARM
		{91F3DD20-4924-40D6-AD77-BF4BADD67613}.Debug|ARM.Deploy.0 = Debug|ARM
		{91F3DD20-4924-40D6-AD77-BF4BADD67613}.Debug|iPhone.ActiveCfg = Debug|x86
		{91F3DD20-4924-40D6-AD77-BF4BADD67613}.Debug|iPhone.Build.0 = Debug|x86
		{91F3DD20-4924-40D6-AD77-BF4BADD67613}.Debug|iPhone.Deploy.0 = Debug|x86
		{91F3DD20-4924-40D6-AD77-BF4BADD67613}.Debug|iPhoneSimulator.ActiveCfg = Debug|x86
		{91F3DD20-4924-40D6-AD77-BF4BADD67613}.Debug|iPhoneSimulator.Build.0 = Debug|x86
		{91F3DD20-4924-40D6-AD77-BF4BADD67613}.Debug|iPhoneSimulator.Deploy.0 = Debug|x86
		{91F3DD20-4924-40D6-AD77-BF4BADD67613}.Debug|x64.ActiveCfg = Debug|x64
		{91F3DD20-4924-40D6-AD77-BF4BADD67613}.Debug|x64.Build.0 = Debug|x64
		{91F3DD20-4924-40D6-AD77-BF4BADD67613}.Debug|x64.Deploy.0 = Debug|x64
		{91F3DD20-4924-40D6-AD77-BF4BADD67613}.Debug|x86.ActiveCfg = Debug|x86
		{91F3DD20-4924-40D6-AD77-BF4BADD67613}.Debug|x86.Build.0 = Debug|x86
		{91F3DD20-4924-40D6-AD77-BF4BADD67613}.Debug|x86.Deploy.0 = Debug|x86
		{91F3DD20-4924-40D6-AD77-BF4BADD67613}.Release|Any CPU.ActiveCfg = Release|x86
		{91F3DD20-4924-40D6-AD77-BF4BADD67613}.Release|Any CPU.Build.0 = Release|x86
		{91F3DD20-4924-40D6-AD77-BF4BADD67613}.Release|Any CPU.Deploy.0 = Release|x86
		{91F3DD20-4924-40D6-AD77-BF4BADD67613}.Release|ARM.ActiveCfg = Release|ARM
		{91F3DD20-4924-40D6-AD77-BF4BADD67613}.Release|ARM.Build.0 = Release|ARM
		{91F3DD20-4924-40D6-AD77-BF4BADD67613}.Release|ARM.Deploy.0 = Release|ARM
		{91F3DD20-4924-40D6-AD77-BF4BADD67613}.Release|iPhone.ActiveCfg = Release|x86
		{91F3DD20-4924-40D6-AD77-BF4BADD67613}.Release|iPhone.Build.0 = Release|x86
		{91F3DD20-4924-40D6-AD77-BF4BADD67613}.Release|iPhone.Deploy.0 = Release|x86
		{91F3DD20-4924-40D6-AD77-BF4BADD67613}.Release|iPhoneSimulator.ActiveCfg = Release|x86
		{91F3DD20-4924-40D6-AD77-BF4BADD67613}.Release|iPhoneSimulator.Build.0 = Release|x86
		{91F3DD20-4924-40D6-AD77-BF4BADD67613}.Release|iPhoneSimulator.Deploy.0 = Release|x86
		{91F3DD20-4924-40D6-AD77-BF4BADD67613}.Release|x64.ActiveCfg = Release|x64
		{91F3DD20-4924-40D6-AD77-BF4BADD67613}.Release|x64.Build.0 = Release|x64
		{91F3DD20-4924-40D6-AD77-BF4BADD67613}.Release|x64.Deploy.0 = Release|x64
		{91F3DD20-4924-40D6-AD77-BF4BADD67613}.Release|x86.ActiveCfg = Release|x86
		{91F3DD20-4924-40D6-AD77-BF4BADD67613}.Release|x86.Build.0 = Release|x86
		{91F3DD20-4924-40D6-AD77-BF4BADD67613}.Release|x86.Deploy.0 = Release|x86
		{E76CA61B-8F1A-40E3-9E45-A05E1631FA96}.Ad-Hoc|Any CPU.ActiveCfg = Debug|Any CPU
		{E76CA61B-8F1A-40E3-9E45-A05E1631FA96}.Ad-Hoc|Any CPU.Build.0 = Debug|Any CPU
		{E76CA61B-8F1A-40E3-9E45-A05E1631FA96}.Ad-Hoc|Any CPU.Deploy.0 = Debug|Any CPU
		{E76CA61B-8F1A-40E3-9E45-A05E1631FA96}.Ad-Hoc|ARM.ActiveCfg = Debug|Any CPU
		{E76CA61B-8F1A-40E3-9E45-A05E1631FA96}.Ad-Hoc|ARM.Build.0 = Debug|Any CPU
		{E76CA61B-8F1A-40E3-9E45-A05E1631FA96}.Ad-Hoc|ARM.Deploy.0 = Debug|Any CPU
		{E76CA61B-8F1A-40E3-9E45-A05E1631FA96}.Ad-Hoc|iPhone.ActiveCfg = Debug|Any CPU
		{E76CA61B-8F1A-40E3-9E45-A05E1631FA96}.Ad-Hoc|iPhone.Build.0 = Debug|Any CPU
		{E76CA61B-8F1A-40E3-9E45-A05E1631FA96}.Ad-Hoc|iPhone.Deploy.0 = Debug|Any CPU
		{E76CA61B-8F1A-40E3-9E45-A05E1631FA96}.Ad-Hoc|iPhoneSimulator.ActiveCfg = Debug|Any CPU
		{E76CA61B-8F1A-40E3-9E45-A05E1631FA96}.Ad-Hoc|iPhoneSimulator.Build.0 = Debug|Any CPU
		{E76CA61B-8F1A-40E3-9E45-A05E1631FA96}.Ad-Hoc|iPhoneSimulator.Deploy.0 = Debug|Any CPU
		{E76CA61B-8F1A-40E3-9E45-A05E1631FA96}.Ad-Hoc|x64.ActiveCfg = Debug|Any CPU
		{E76CA61B-8F1A-40E3-9E45-A05E1631FA96}.Ad-Hoc|x64.Build.0 = Debug|Any CPU
		{E76CA61B-8F1A-40E3-9E45-A05E1631FA96}.Ad-Hoc|x64.Deploy.0 = Debug|Any CPU
		{E76CA61B-8F1A-40E3-9E45-A05E1631FA96}.Ad-Hoc|x86.ActiveCfg = Debug|Any CPU
		{E76CA61B-8F1A-40E3-9E45-A05E1631FA96}.Ad-Hoc|x86.Build.0 = Debug|Any CPU
		{E76CA61B-8F1A-40E3-9E45-A05E1631FA96}.Ad-Hoc|x86.Deploy.0 = Debug|Any CPU
		{E76CA61B-8F1A-40E3-9E45-A05E1631FA96}.AppStore|Any CPU.ActiveCfg = Debug|Any CPU
		{E76CA61B-8F1A-40E3-9E45-A05E1631FA96}.AppStore|Any CPU.Build.0 = Debug|Any CPU
		{E76CA61B-8F1A-40E3-9E45-A05E1631FA96}.AppStore|Any CPU.Deploy.0 = Debug|Any CPU
		{E76CA61B-8F1A-40E3-9E45-A05E1631FA96}.AppStore|ARM.ActiveCfg = Debug|Any CPU
		{E76CA61B-8F1A-40E3-9E45-A05E1631FA96}.AppStore|ARM.Build.0 = Debug|Any CPU
		{E76CA61B-8F1A-40E3-9E45-A05E1631FA96}.AppStore|ARM.Deploy.0 = Debug|Any CPU
		{E76CA61B-8F1A-40E3-9E45-A05E1631FA96}.AppStore|iPhone.ActiveCfg = Debug|Any CPU
		{E76CA61B-8F1A-40E3-9E45-A05E1631FA96}.AppStore|iPhone.Build.0 = Debug|Any CPU
		{E76CA61B-8F1A-40E3-9E45-A05E1631FA96}.AppStore|iPhone.Deploy.0 = Debug|Any CPU
		{E76CA61B-8F1A-40E3-9E45-A05E1631FA96}.AppStore|iPhoneSimulator.ActiveCfg = Debug|Any CPU
		{E76CA61B-8F1A-40E3-9E45-A05E1631FA96}.AppStore|iPhoneSimulator.Build.0 = Debug|Any CPU
		{E76CA61B-8F1A-40E3-9E45-A05E1631FA96}.AppStore|iPhoneSimulator.Deploy.0 = Debug|Any CPU
		{E76CA61B-8F1A-40E3-9E45-A05E1631FA96}.AppStore|x64.ActiveCfg = Debug|Any CPU
		{E76CA61B-8F1A-40E3-9E45-A05E1631FA96}.AppStore|x64.Build.0 = Debug|Any CPU
		{E76CA61B-8F1A-40E3-9E45-A05E1631FA96}.AppStore|x64.Deploy.0 = Debug|Any CPU
		{E76CA61B-8F1A-40E3-9E45-A05E1631FA96}.AppStore|x86.ActiveCfg = Debug|Any CPU
		{E76CA61B-8F1A-40E3-9E45-A05E1631FA96}.AppStore|x86.Build.0 = Debug|Any CPU
		{E76CA61B-8F1A-40E3-9E45-A05E1631FA96}.AppStore|x86.Deploy.0 = Debug|Any CPU
		{E76CA61B-8F1A-40E3-9E45-A05E1631FA96}.Debug|Any CPU.ActiveCfg = Debug|Any CPU
		{E76CA61B-8F1A-40E3-9E45-A05E1631FA96}.Debug|Any CPU.Build.0 = Debug|Any CPU
		{E76CA61B-8F1A-40E3-9E45-A05E1631FA96}.Debug|Any CPU.Deploy.0 = Debug|Any CPU
		{E76CA61B-8F1A-40E3-9E45-A05E1631FA96}.Debug|ARM.ActiveCfg = Debug|Any CPU
		{E76CA61B-8F1A-40E3-9E45-A05E1631FA96}.Debug|ARM.Build.0 = Debug|Any CPU
		{E76CA61B-8F1A-40E3-9E45-A05E1631FA96}.Debug|ARM.Deploy.0 = Debug|Any CPU
		{E76CA61B-8F1A-40E3-9E45-A05E1631FA96}.Debug|iPhone.ActiveCfg = Debug|Any CPU
		{E76CA61B-8F1A-40E3-9E45-A05E1631FA96}.Debug|iPhone.Build.0 = Debug|Any CPU
		{E76CA61B-8F1A-40E3-9E45-A05E1631FA96}.Debug|iPhone.Deploy.0 = Debug|Any CPU
		{E76CA61B-8F1A-40E3-9E45-A05E1631FA96}.Debug|iPhoneSimulator.ActiveCfg = Debug|Any CPU
		{E76CA61B-8F1A-40E3-9E45-A05E1631FA96}.Debug|iPhoneSimulator.Build.0 = Debug|Any CPU
		{E76CA61B-8F1A-40E3-9E45-A05E1631FA96}.Debug|iPhoneSimulator.Deploy.0 = Debug|Any CPU
		{E76CA61B-8F1A-40E3-9E45-A05E1631FA96}.Debug|x64.ActiveCfg = Debug|Any CPU
		{E76CA61B-8F1A-40E3-9E45-A05E1631FA96}.Debug|x64.Build.0 = Debug|Any CPU
		{E76CA61B-8F1A-40E3-9E45-A05E1631FA96}.Debug|x64.Deploy.0 = Debug|Any CPU
		{E76CA61B-8F1A-40E3-9E45-A05E1631FA96}.Debug|x86.ActiveCfg = Debug|Any CPU
		{E76CA61B-8F1A-40E3-9E45-A05E1631FA96}.Debug|x86.Build.0 = Debug|Any CPU
		{E76CA61B-8F1A-40E3-9E45-A05E1631FA96}.Debug|x86.Deploy.0 = Debug|Any CPU
		{E76CA61B-8F1A-40E3-9E45-A05E1631FA96}.Release|Any CPU.ActiveCfg = Release|Any CPU
		{E76CA61B-8F1A-40E3-9E45-A05E1631FA96}.Release|Any CPU.Build.0 = Release|Any CPU
		{E76CA61B-8F1A-40E3-9E45-A05E1631FA96}.Release|Any CPU.Deploy.0 = Release|Any CPU
		{E76CA61B-8F1A-40E3-9E45-A05E1631FA96}.Release|ARM.ActiveCfg = Release|Any CPU
		{E76CA61B-8F1A-40E3-9E45-A05E1631FA96}.Release|ARM.Build.0 = Release|Any CPU
		{E76CA61B-8F1A-40E3-9E45-A05E1631FA96}.Release|ARM.Deploy.0 = Release|Any CPU
		{E76CA61B-8F1A-40E3-9E45-A05E1631FA96}.Release|iPhone.ActiveCfg = Release|Any CPU
		{E76CA61B-8F1A-40E3-9E45-A05E1631FA96}.Release|iPhone.Build.0 = Release|Any CPU
		{E76CA61B-8F1A-40E3-9E45-A05E1631FA96}.Release|iPhone.Deploy.0 = Release|Any CPU
		{E76CA61B-8F1A-40E3-9E45-A05E1631FA96}.Release|iPhoneSimulator.ActiveCfg = Release|Any CPU
		{E76CA61B-8F1A-40E3-9E45-A05E1631FA96}.Release|iPhoneSimulator.Build.0 = Release|Any CPU
		{E76CA61B-8F1A-40E3-9E45-A05E1631FA96}.Release|iPhoneSimulator.Deploy.0 = Release|Any CPU
		{E76CA61B-8F1A-40E3-9E45-A05E1631FA96}.Release|x64.ActiveCfg = Release|Any CPU
		{E76CA61B-8F1A-40E3-9E45-A05E1631FA96}.Release|x64.Build.0 = Release|Any CPU
		{E76CA61B-8F1A-40E3-9E45-A05E1631FA96}.Release|x64.Deploy.0 = Release|Any CPU
		{E76CA61B-8F1A-40E3-9E45-A05E1631FA96}.Release|x86.ActiveCfg = Release|Any CPU
		{E76CA61B-8F1A-40E3-9E45-A05E1631FA96}.Release|x86.Build.0 = Release|Any CPU
		{E76CA61B-8F1A-40E3-9E45-A05E1631FA96}.Release|x86.Deploy.0 = Release|Any CPU
	EndGlobalSection
	GlobalSection(SolutionProperties) = preSolution
		HideSolutionNode = FALSE
	EndGlobalSection
	GlobalSection(ExtensibilityGlobals) = postSolution
		SolutionGuid = {700AA8B4-B9C5-4AC6-91FE-3687CE13E1B2}
	EndGlobalSection
EndGlobal
